
Microsoft Visual Studio Solution File, Format Version 12.00
# Visual Studio Version 17
VisualStudioVersion = 17.0.32014.148
MinimumVisualStudioVersion = 10.0.40219.1
Project("{FAE04EC0-301F-11D3-BF4B-00C04F79EFBC}") = "Demo1_ASP_MVC", "Demo1_ASP_MVC\Demo1_ASP_MVC.csproj", "{D2AA3A26-29DC-406B-95CF-D0DCD2DCD98F}"
EndProject
Global
	GlobalSection(SolutionConfigurationPlatforms) = preSolution
		Debug|Any CPU = Debug|Any CPU
		Release|Any CPU = Release|Any CPU
	EndGlobalSection
	GlobalSection(ProjectConfigurationPlatforms) = postSolution
		{D2AA3A26-29DC-406B-95CF-D0DCD2DCD98F}.Debug|Any CPU.ActiveCfg = Debug|Any CPU
		{D2AA3A26-29DC-406B-95CF-D0DCD2DCD98F}.Debug|Any CPU.Build.0 = Debug|Any CPU
		{D2AA3A26-29DC-406B-95CF-D0DCD2DCD98F}.Release|Any CPU.ActiveCfg = Release|Any CPU
		{D2AA3A26-29DC-406B-95CF-D0DCD2DCD98F}.Release|Any CPU.Build.0 = Release|Any CPU
	EndGlobalSection
	GlobalSection(SolutionProperties) = preSolution
		HideSolutionNode = FALSE
	EndGlobalSection
	GlobalSection(ExtensibilityGlobals) = postSolution
		SolutionGuid = {802C31B4-BC6A-4146-BE9B-752E61A2DBC3}
	EndGlobalSection
EndGlobal
